
Microsoft Visual Studio Solution File, Format Version 12.00
# Visual Studio Version 17
VisualStudioVersion = 17.0.31903.59
MinimumVisualStudioVersion = 10.0.40219.1
Project("{2150E333-8FDC-42A3-9474-1A3956D46DE8}") = "src", "src", "{827E0CD3-B72D-47B6-A68D-7590B98EB39B}"
EndProject
Project("{FAE04EC0-301F-11D3-BF4B-00C04F79EFBC}") = "JMBackup.Domain", "src\JMBackup.Domain\JMBackup.Domain.csproj", "{6A9767DC-EF81-459E-9BFA-4258FCF3A1F5}"
EndProject
Project("{FAE04EC0-301F-11D3-BF4B-00C04F79EFBC}") = "JMBackup.Application", "src\JMBackup.Application\JMBackup.Application.csproj", "{D7D0CB1C-0339-4020-B08A-562CD0301239}"
EndProject
Project("{FAE04EC0-301F-11D3-BF4B-00C04F79EFBC}") = "JMBackup.Storage", "src\JMBackup.Storage\JMBackup.Storage.csproj", "{1CB2E65B-26B8-40D0-B5EB-267E0A6DF0C4}"
EndProject
Project("{FAE04EC0-301F-11D3-BF4B-00C04F79EFBC}") = "JMBackup.Infrastructure", "src\JMBackup.Infrastructure\JMBackup.Infrastructure.csproj", "{FBB979C9-CC95-4B6B-978E-21F9907A4A0F}"
EndProject
Project("{FAE04EC0-301F-11D3-BF4B-00C04F79EFBC}") = "JMBackup.Api", "src\JMBackup.Api\JMBackup.Api.csproj", "{072BEBAE-741A-4DB6-978C-18D94A7DF53D}"
EndProject
Project("{FAE04EC0-301F-11D3-BF4B-00C04F79EFBC}") = "JMBackup.Desktop", "src\JMBackup.Desktop\JMBackup.Desktop.csproj", "{784A0972-7C00-4DC9-8CC9-0D19C2DAE230}"
EndProject
Project("{FAE04EC0-301F-11D3-BF4B-00C04F79EFBC}") = "JMBackup.Cli", "src\JMBackup.Cli\JMBackup.Cli.csproj", "{23684962-3FB4-4B49-AEBD-B18340223AF1}"
EndProject
Project("{2150E333-8FDC-42A3-9474-1A3956D46DE8}") = "tests", "tests", "{0AB3BF05-4346-4AA6-1389-037BE0695223}"
EndProject
Project("{FAE04EC0-301F-11D3-BF4B-00C04F79EFBC}") = "JMBackup.Domain.Tests", "tests\JMBackup.Domain.Tests\JMBackup.Domain.Tests.csproj", "{C3E6376C-F575-4963-B5C8-566AB8F7438B}"
EndProject
Project("{FAE04EC0-301F-11D3-BF4B-00C04F79EFBC}") = "JMBackup.Application.Tests", "tests\JMBackup.Application.Tests\JMBackup.Application.Tests.csproj", "{739A42BA-D775-4C91-9E58-C956F9C21B6D}"
EndProject
Project("{FAE04EC0-301F-11D3-BF4B-00C04F79EFBC}") = "JMBackup.Storage.Tests", "tests\JMBackup.Storage.Tests\JMBackup.Storage.Tests.csproj", "{A7031A65-A1DD-482A-A6F9-9BA2CFBA2A6F}"
EndProject
Project("{FAE04EC0-301F-11D3-BF4B-00C04F79EFBC}") = "JMBackup.Api.IntegrationTests", "tests\JMBackup.Api.IntegrationTests\JMBackup.Api.IntegrationTests.csproj", "{6966B4CF-CEC7-42B9-AC3F-0AC34F678D06}"
EndProject
Project("{FAE04EC0-301F-11D3-BF4B-00C04F79EFBC}") = "JMBackup.Infrastructure.Tests", "tests\JMBackup.Infrastructure.Tests\JMBackup.Infrastructure.Tests.csproj", "{6D9C1807-0BB8-452F-8160-618BB99C5A6B}"
EndProject
Global
	GlobalSection(SolutionConfigurationPlatforms) = preSolution
		Debug|Any CPU = Debug|Any CPU
		Debug|x64 = Debug|x64
		Debug|x86 = Debug|x86
		Release|Any CPU = Release|Any CPU
		Release|x64 = Release|x64
		Release|x86 = Release|x86
	EndGlobalSection
	GlobalSection(ProjectConfigurationPlatforms) = postSolution
		{6A9767DC-EF81-459E-9BFA-4258FCF3A1F5}.Debug|Any CPU.ActiveCfg = Debug|Any CPU
		{6A9767DC-EF81-459E-9BFA-4258FCF3A1F5}.Debug|Any CPU.Build.0 = Debug|Any CPU
		{6A9767DC-EF81-459E-9BFA-4258FCF3A1F5}.Debug|x64.ActiveCfg = Debug|Any CPU
		{6A9767DC-EF81-459E-9BFA-4258FCF3A1F5}.Debug|x64.Build.0 = Debug|Any CPU
		{6A9767DC-EF81-459E-9BFA-4258FCF3A1F5}.Debug|x86.ActiveCfg = Debug|Any CPU
		{6A9767DC-EF81-459E-9BFA-4258FCF3A1F5}.Debug|x86.Build.0 = Debug|Any CPU
		{6A9767DC-EF81-459E-9BFA-4258FCF3A1F5}.Release|Any CPU.ActiveCfg = Release|Any CPU
		{6A9767DC-EF81-459E-9BFA-4258FCF3A1F5}.Release|Any CPU.Build.0 = Release|Any CPU
		{6A9767DC-EF81-459E-9BFA-4258FCF3A1F5}.Release|x64.ActiveCfg = Release|Any CPU
		{6A9767DC-EF81-459E-9BFA-4258FCF3A1F5}.Release|x64.Build.0 = Release|Any CPU
		{6A9767DC-EF81-459E-9BFA-4258FCF3A1F5}.Release|x86.ActiveCfg = Release|Any CPU
		{6A9767DC-EF81-459E-9BFA-4258FCF3A1F5}.Release|x86.Build.0 = Release|Any CPU
		{D7D0CB1C-0339-4020-B08A-562CD0301239}.Debug|Any CPU.ActiveCfg = Debug|Any CPU
		{D7D0CB1C-0339-4020-B08A-562CD0301239}.Debug|Any CPU.Build.0 = Debug|Any CPU
		{D7D0CB1C-0339-4020-B08A-562CD0301239}.Debug|x64.ActiveCfg = Debug|Any CPU
		{D7D0CB1C-0339-4020-B08A-562CD0301239}.Debug|x64.Build.0 = Debug|Any CPU
		{D7D0CB1C-0339-4020-B08A-562CD0301239}.Debug|x86.ActiveCfg = Debug|Any CPU
		{D7D0CB1C-0339-4020-B08A-562CD0301239}.Debug|x86.Build.0 = Debug|Any CPU
		{D7D0CB1C-0339-4020-B08A-562CD0301239}.Release|Any CPU.ActiveCfg = Release|Any CPU
		{D7D0CB1C-0339-4020-B08A-562CD0301239}.Release|Any CPU.Build.0 = Release|Any CPU
		{D7D0CB1C-0339-4020-B08A-562CD0301239}.Release|x64.ActiveCfg = Release|Any CPU
		{D7D0CB1C-0339-4020-B08A-562CD0301239}.Release|x64.Build.0 = Release|Any CPU
		{D7D0CB1C-0339-4020-B08A-562CD0301239}.Release|x86.ActiveCfg = Release|Any CPU
		{D7D0CB1C-0339-4020-B08A-562CD0301239}.Release|x86.Build.0 = Release|Any CPU
		{1CB2E65B-26B8-40D0-B5EB-267E0A6DF0C4}.Debug|Any CPU.ActiveCfg = Debug|Any CPU
		{1CB2E65B-26B8-40D0-B5EB-267E0A6DF0C4}.Debug|Any CPU.Build.0 = Debug|Any CPU
		{1CB2E65B-26B8-40D0-B5EB-267E0A6DF0C4}.Debug|x64.ActiveCfg = Debug|Any CPU
		{1CB2E65B-26B8-40D0-B5EB-267E0A6DF0C4}.Debug|x64.Build.0 = Debug|Any CPU
		{1CB2E65B-26B8-40D0-B5EB-267E0A6DF0C4}.Debug|x86.ActiveCfg = Debug|Any CPU
		{1CB2E65B-26B8-40D0-B5EB-267E0A6DF0C4}.Debug|x86.Build.0 = Debug|Any CPU
		{1CB2E65B-26B8-40D0-B5EB-267E0A6DF0C4}.Release|Any CPU.ActiveCfg = Release|Any CPU
		{1CB2E65B-26B8-40D0-B5EB-267E0A6DF0C4}.Release|Any CPU.Build.0 = Release|Any CPU
		{1CB2E65B-26B8-40D0-B5EB-267E0A6DF0C4}.Release|x64.ActiveCfg = Release|Any CPU
		{1CB2E65B-26B8-40D0-B5EB-267E0A6DF0C4}.Release|x64.Build.0 = Release|Any CPU
		{1CB2E65B-26B8-40D0-B5EB-267E0A6DF0C4}.Release|x86.ActiveCfg = Release|Any CPU
		{1CB2E65B-26B8-40D0-B5EB-267E0A6DF0C4}.Release|x86.Build.0 = Release|Any CPU
		{FBB979C9-CC95-4B6B-978E-21F9907A4A0F}.Debug|Any CPU.ActiveCfg = Debug|Any CPU
		{FBB979C9-CC95-4B6B-978E-21F9907A4A0F}.Debug|Any CPU.Build.0 = Debug|Any CPU
		{FBB979C9-CC95-4B6B-978E-21F9907A4A0F}.Debug|x64.ActiveCfg = Debug|Any CPU
		{FBB979C9-CC95-4B6B-978E-21F9907A4A0F}.Debug|x64.Build.0 = Debug|Any CPU
		{FBB979C9-CC95-4B6B-978E-21F9907A4A0F}.Debug|x86.ActiveCfg = Debug|Any CPU
		{FBB979C9-CC95-4B6B-978E-21F9907A4A0F}.Debug|x86.Build.0 = Debug|Any CPU
		{FBB979C9-CC95-4B6B-978E-21F9907A4A0F}.Release|Any CPU.ActiveCfg = Release|Any CPU
		{FBB979C9-CC95-4B6B-978E-21F9907A4A0F}.Release|Any CPU.Build.0 = Release|Any CPU
		{FBB979C9-CC95-4B6B-978E-21F9907A4A0F}.Release|x64.ActiveCfg = Release|Any CPU
		{FBB979C9-CC95-4B6B-978E-21F9907A4A0F}.Release|x64.Build.0 = Release|Any CPU
		{FBB979C9-CC95-4B6B-978E-21F9907A4A0F}.Release|x86.ActiveCfg = Release|Any CPU
		{FBB979C9-CC95-4B6B-978E-21F9907A4A0F}.Release|x86.Build.0 = Release|Any CPU
		{072BEBAE-741A-4DB6-978C-18D94A7DF53D}.Debug|Any CPU.ActiveCfg = Debug|Any CPU
		{072BEBAE-741A-4DB6-978C-18D94A7DF53D}.Debug|Any CPU.Build.0 = Debug|Any CPU
		{072BEBAE-741A-4DB6-978C-18D94A7DF53D}.Debug|x64.ActiveCfg = Debug|Any CPU
		{072BEBAE-741A-4DB6-978C-18D94A7DF53D}.Debug|x64.Build.0 = Debug|Any CPU
		{072BEBAE-741A-4DB6-978C-18D94A7DF53D}.Debug|x86.ActiveCfg = Debug|Any CPU
		{072BEBAE-741A-4DB6-978C-18D94A7DF53D}.Debug|x86.Build.0 = Debug|Any CPU
		{072BEBAE-741A-4DB6-978C-18D94A7DF53D}.Release|Any CPU.ActiveCfg = Release|Any CPU
		{072BEBAE-741A-4DB6-978C-18D94A7DF53D}.Release|Any CPU.Build.0 = Release|Any CPU
		{072BEBAE-741A-4DB6-978C-18D94A7DF53D}.Release|x64.ActiveCfg = Release|Any CPU
		{072BEBAE-741A-4DB6-978C-18D94A7DF53D}.Release|x64.Build.0 = Release|Any CPU
		{072BEBAE-741A-4DB6-978C-18D94A7DF53D}.Release|x86.ActiveCfg = Release|Any CPU
		{072BEBAE-741A-4DB6-978C-18D94A7DF53D}.Release|x86.Build.0 = Release|Any CPU
		{784A0972-7C00-4DC9-8CC9-0D19C2DAE230}.Debug|Any CPU.ActiveCfg = Debug|Any CPU
		{784A0972-7C00-4DC9-8CC9-0D19C2DAE230}.Debug|Any CPU.Build.0 = Debug|Any CPU
		{784A0972-7C00-4DC9-8CC9-0D19C2DAE230}.Debug|x64.ActiveCfg = Debug|Any CPU
		{784A0972-7C00-4DC9-8CC9-0D19C2DAE230}.Debug|x64.Build.0 = Debug|Any CPU
		{784A0972-7C00-4DC9-8CC9-0D19C2DAE230}.Debug|x86.ActiveCfg = Debug|Any CPU
		{784A0972-7C00-4DC9-8CC9-0D19C2DAE230}.Debug|x86.Build.0 = Debug|Any CPU
		{784A0972-7C00-4DC9-8CC9-0D19C2DAE230}.Release|Any CPU.ActiveCfg = Release|Any CPU
		{784A0972-7C00-4DC9-8CC9-0D19C2DAE230}.Release|Any CPU.Build.0 = Release|Any CPU
		{784A0972-7C00-4DC9-8CC9-0D19C2DAE230}.Release|x64.ActiveCfg = Release|Any CPU
		{784A0972-7C00-4DC9-8CC9-0D19C2DAE230}.Release|x64.Build.0 = Release|Any CPU
		{784A0972-7C00-4DC9-8CC9-0D19C2DAE230}.Release|x86.ActiveCfg = Release|Any CPU
		{784A0972-7C00-4DC9-8CC9-0D19C2DAE230}.Release|x86.Build.0 = Release|Any CPU
		{23684962-3FB4-4B49-AEBD-B18340223AF1}.Debug|Any CPU.ActiveCfg = Debug|Any CPU
		{23684962-3FB4-4B49-AEBD-B18340223AF1}.Debug|Any CPU.Build.0 = Debug|Any CPU
		{23684962-3FB4-4B49-AEBD-B18340223AF1}.Debug|x64.ActiveCfg = Debug|Any CPU
		{23684962-3FB4-4B49-AEBD-B18340223AF1}.Debug|x64.Build.0 = Debug|Any CPU
		{23684962-3FB4-4B49-AEBD-B18340223AF1}.Debug|x86.ActiveCfg = Debug|Any CPU
		{23684962-3FB4-4B49-AEBD-B18340223AF1}.Debug|x86.Build.0 = Debug|Any CPU
		{23684962-3FB4-4B49-AEBD-B18340223AF1}.Release|Any CPU.ActiveCfg = Release|Any CPU
		{23684962-3FB4-4B49-AEBD-B18340223AF1}.Release|Any CPU.Build.0 = Release|Any CPU
		{23684962-3FB4-4B49-AEBD-B18340223AF1}.Release|x64.ActiveCfg = Release|Any CPU
		{23684962-3FB4-4B49-AEBD-B18340223AF1}.Release|x64.Build.0 = Release|Any CPU
		{23684962-3FB4-4B49-AEBD-B18340223AF1}.Release|x86.ActiveCfg = Release|Any CPU
		{23684962-3FB4-4B49-AEBD-B18340223AF1}.Release|x86.Build.0 = Release|Any CPU
		{C3E6376C-F575-4963-B5C8-566AB8F7438B}.Debug|Any CPU.ActiveCfg = Debug|Any CPU
		{C3E6376C-F575-4963-B5C8-566AB8F7438B}.Debug|Any CPU.Build.0 = Debug|Any CPU
		{C3E6376C-F575-4963-B5C8-566AB8F7438B}.Debug|x64.ActiveCfg = Debug|Any CPU
		{C3E6376C-F575-4963-B5C8-566AB8F7438B}.Debug|x64.Build.0 = Debug|Any CPU
		{C3E6376C-F575-4963-B5C8-566AB8F7438B}.Debug|x86.ActiveCfg = Debug|Any CPU
		{C3E6376C-F575-4963-B5C8-566AB8F7438B}.Debug|x86.Build.0 = Debug|Any CPU
		{C3E6376C-F575-4963-B5C8-566AB8F7438B}.Release|Any CPU.ActiveCfg = Release|Any CPU
		{C3E6376C-F575-4963-B5C8-566AB8F7438B}.Release|Any CPU.Build.0 = Release|Any CPU
		{C3E6376C-F575-4963-B5C8-566AB8F7438B}.Release|x64.ActiveCfg = Release|Any CPU
		{C3E6376C-F575-4963-B5C8-566AB8F7438B}.Release|x64.Build.0 = Release|Any CPU
		{C3E6376C-F575-4963-B5C8-566AB8F7438B}.Release|x86.ActiveCfg = Release|Any CPU
		{C3E6376C-F575-4963-B5C8-566AB8F7438B}.Release|x86.Build.0 = Release|Any CPU
		{739A42BA-D775-4C91-9E58-C956F9C21B6D}.Debug|Any CPU.ActiveCfg = Debug|Any CPU
		{739A42BA-D775-4C91-9E58-C956F9C21B6D}.Debug|Any CPU.Build.0 = Debug|Any CPU
		{739A42BA-D775-4C91-9E58-C956F9C21B6D}.Debug|x64.ActiveCfg = Debug|Any CPU
		{739A42BA-D775-4C91-9E58-C956F9C21B6D}.Debug|x64.Build.0 = Debug|Any CPU
		{739A42BA-D775-4C91-9E58-C956F9C21B6D}.Debug|x86.ActiveCfg = Debug|Any CPU
		{739A42BA-D775-4C91-9E58-C956F9C21B6D}.Debug|x86.Build.0 = Debug|Any CPU
		{739A42BA-D775-4C91-9E58-C956F9C21B6D}.Release|Any CPU.ActiveCfg = Release|Any CPU
		{739A42BA-D775-4C91-9E58-C956F9C21B6D}.Release|Any CPU.Build.0 = Release|Any CPU
		{739A42BA-D775-4C91-9E58-C956F9C21B6D}.Release|x64.ActiveCfg = Release|Any CPU
		{739A42BA-D775-4C91-9E58-C956F9C21B6D}.Release|x64.Build.0 = Release|Any CPU
		{739A42BA-D775-4C91-9E58-C956F9C21B6D}.Release|x86.ActiveCfg = Release|Any CPU
		{739A42BA-D775-4C91-9E58-C956F9C21B6D}.Release|x86.Build.0 = Release|Any CPU
		{A7031A65-A1DD-482A-A6F9-9BA2CFBA2A6F}.Debug|Any CPU.ActiveCfg = Debug|Any CPU
		{A7031A65-A1DD-482A-A6F9-9BA2CFBA2A6F}.Debug|Any CPU.Build.0 = Debug|Any CPU
		{A7031A65-A1DD-482A-A6F9-9BA2CFBA2A6F}.Debug|x64.ActiveCfg = Debug|Any CPU
		{A7031A65-A1DD-482A-A6F9-9BA2CFBA2A6F}.Debug|x64.Build.0 = Debug|Any CPU
		{A7031A65-A1DD-482A-A6F9-9BA2CFBA2A6F}.Debug|x86.ActiveCfg = Debug|Any CPU
		{A7031A65-A1DD-482A-A6F9-9BA2CFBA2A6F}.Debug|x86.Build.0 = Debug|Any CPU
		{A7031A65-A1DD-482A-A6F9-9BA2CFBA2A6F}.Release|Any CPU.ActiveCfg = Release|Any CPU
		{A7031A65-A1DD-482A-A6F9-9BA2CFBA2A6F}.Release|Any CPU.Build.0 = Release|Any CPU
		{A7031A65-A1DD-482A-A6F9-9BA2CFBA2A6F}.Release|x64.ActiveCfg = Release|Any CPU
		{A7031A65-A1DD-482A-A6F9-9BA2CFBA2A6F}.Release|x64.Build.0 = Release|Any CPU
		{A7031A65-A1DD-482A-A6F9-9BA2CFBA2A6F}.Release|x86.ActiveCfg = Release|Any CPU
		{A7031A65-A1DD-482A-A6F9-9BA2CFBA2A6F}.Release|x86.Build.0 = Release|Any CPU
		{6966B4CF-CEC7-42B9-AC3F-0AC34F678D06}.Debug|Any CPU.ActiveCfg = Debug|Any CPU
		{6966B4CF-CEC7-42B9-AC3F-0AC34F678D06}.Debug|Any CPU.Build.0 = Debug|Any CPU
		{6966B4CF-CEC7-42B9-AC3F-0AC34F678D06}.Debug|x64.ActiveCfg = Debug|Any CPU
		{6966B4CF-CEC7-42B9-AC3F-0AC34F678D06}.Debug|x64.Build.0 = Debug|Any CPU
		{6966B4CF-CEC7-42B9-AC3F-0AC34F678D06}.Debug|x86.ActiveCfg = Debug|Any CPU
		{6966B4CF-CEC7-42B9-AC3F-0AC34F678D06}.Debug|x86.Build.0 = Debug|Any CPU
		{6966B4CF-CEC7-42B9-AC3F-0AC34F678D06}.Release|Any CPU.ActiveCfg = Release|Any CPU
		{6966B4CF-CEC7-42B9-AC3F-0AC34F678D06}.Release|Any CPU.Build.0 = Release|Any CPU
		{6966B4CF-CEC7-42B9-AC3F-0AC34F678D06}.Release|x64.ActiveCfg = Release|Any CPU
		{6966B4CF-CEC7-42B9-AC3F-0AC34F678D06}.Release|x64.Build.0 = Release|Any CPU
		{6966B4CF-CEC7-42B9-AC3F-0AC34F678D06}.Release|x86.ActiveCfg = Release|Any CPU
		{6966B4CF-CEC7-42B9-AC3F-0AC34F678D06}.Release|x86.Build.0 = Release|Any CPU
		{6D9C1807-0BB8-452F-8160-618BB99C5A6B}.Debug|Any CPU.ActiveCfg = Debug|Any CPU
		{6D9C1807-0BB8-452F-8160-618BB99C5A6B}.Debug|Any CPU.Build.0 = Debug|Any CPU
		{6D9C1807-0BB8-452F-8160-618BB99C5A6B}.Debug|x64.ActiveCfg = Debug|Any CPU
		{6D9C1807-0BB8-452F-8160-618BB99C5A6B}.Debug|x64.Build.0 = Debug|Any CPU
		{6D9C1807-0BB8-452F-8160-618BB99C5A6B}.Debug|x86.ActiveCfg = Debug|Any CPU
		{6D9C1807-0BB8-452F-8160-618BB99C5A6B}.Debug|x86.Build.0 = Debug|Any CPU
		{6D9C1807-0BB8-452F-8160-618BB99C5A6B}.Release|Any CPU.ActiveCfg = Release|Any CPU
		{6D9C1807-0BB8-452F-8160-618BB99C5A6B}.Release|Any CPU.Build.0 = Release|Any CPU
		{6D9C1807-0BB8-452F-8160-618BB99C5A6B}.Release|x64.ActiveCfg = Release|Any CPU
		{6D9C1807-0BB8-452F-8160-618BB99C5A6B}.Release|x64.Build.0 = Release|Any CPU
		{6D9C1807-0BB8-452F-8160-618BB99C5A6B}.Release|x86.ActiveCfg = Release|Any CPU
		{6D9C1807-0BB8-452F-8160-618BB99C5A6B}.Release|x86.Build.0 = Release|Any CPU
	EndGlobalSection
	GlobalSection(SolutionProperties) = preSolution
		HideSolutionNode = FALSE
	EndGlobalSection
	GlobalSection(NestedProjects) = preSolution
		{6A9767DC-EF81-459E-9BFA-4258FCF3A1F5} = {827E0CD3-B72D-47B6-A68D-7590B98EB39B}
		{D7D0CB1C-0339-4020-B08A-562CD0301239} = {827E0CD3-B72D-47B6-A68D-7590B98EB39B}
		{1CB2E65B-26B8-40D0-B5EB-267E0A6DF0C4} = {827E0CD3-B72D-47B6-A68D-7590B98EB39B}
		{FBB979C9-CC95-4B6B-978E-21F9907A4A0F} = {827E0CD3-B72D-47B6-A68D-7590B98EB39B}
		{072BEBAE-741A-4DB6-978C-18D94A7DF53D} = {827E0CD3-B72D-47B6-A68D-7590B98EB39B}
		{784A0972-7C00-4DC9-8CC9-0D19C2DAE230} = {827E0CD3-B72D-47B6-A68D-7590B98EB39B}
		{23684962-3FB4-4B49-AEBD-B18340223AF1} = {827E0CD3-B72D-47B6-A68D-7590B98EB39B}
		{C3E6376C-F575-4963-B5C8-566AB8F7438B} = {0AB3BF05-4346-4AA6-1389-037BE0695223}
		{739A42BA-D775-4C91-9E58-C956F9C21B6D} = {0AB3BF05-4346-4AA6-1389-037BE0695223}
		{A7031A65-A1DD-482A-A6F9-9BA2CFBA2A6F} = {0AB3BF05-4346-4AA6-1389-037BE0695223}
		{6966B4CF-CEC7-42B9-AC3F-0AC34F678D06} = {0AB3BF05-4346-4AA6-1389-037BE0695223}
		{6D9C1807-0BB8-452F-8160-618BB99C5A6B} = {0AB3BF05-4346-4AA6-1389-037BE0695223}
	EndGlobalSection
EndGlobal
